
Microsoft Visual Studio Solution File, Format Version 12.00
# Visual Studio 15
VisualStudioVersion = 15.0.26228.4
MinimumVisualStudioVersion = 10.0.40219.1
Project("{8BC9CEB8-8B4A-11D0-8D11-00A0C91BC942}") = "1_find_in_partially_sorted_matrix", "Project1\Project1.vcxproj", "{3E7B5AC8-7A29-44A6-AA37-2D879288EF73}"
EndProject
Project("{8BC9CEB8-8B4A-11D0-8D11-00A0C91BC942}") = "2.1_replaceBlank", "replaceBlank\replaceBlank.vcxproj", "{33AB1744-B4F1-41F5-B232-D857283AEBE0}"
EndProject
Project("{8BC9CEB8-8B4A-11D0-8D11-00A0C91BC942}") = "2.2_insert_matrix", "insert_matrix\insert_matrix.vcxproj", "{6AF3EE01-46CA-4347-8CD6-AF0E29A4C06B}"
EndProject
Project("{8BC9CEB8-8B4A-11D0-8D11-00A0C91BC942}") = "3_reverse_print_list", "reverse_print_list\reverse_print_list.vcxproj", "{79FF088A-5BE5-4E3D-9213-91A3865F6554}"
EndProject
Project("{8BC9CEB8-8B4A-11D0-8D11-00A0C91BC942}") = "4_constructBTree", "constructBTree\constructBTree.vcxproj", "{A4610ED0-726F-4A1C-AA1F-E2BE78E58D86}"
EndProject
Project("{8BC9CEB8-8B4A-11D0-8D11-00A0C91BC942}") = "7_queue_with_two_stack", "queue_with_two_stack\queue_with_two_stack.vcxproj", "{52CBD0DA-0B49-4B0F-AF1C-FB4F0B72044C}"
EndProject
Project("{8BC9CEB8-8B4A-11D0-8D11-00A0C91BC942}") = "8_MinNumberInRotatedArray", "8_MinNumberInRotatedArray\8_MinNumberInRotatedArray.vcxproj", "{4EEFDFDF-08CF-4632-B705-CF8FE789DB16}"
EndProject
Project("{8BC9CEB8-8B4A-11D0-8D11-00A0C91BC942}") = "9_Fibonacci", "9_Fibonacci\9_Fibonacci.vcxproj", "{3AA0AF68-1556-4719-A530-6B495888BD1A}"
EndProject
Project("{8BC9CEB8-8B4A-11D0-8D11-00A0C91BC942}") = "10_NumberOfInBinary", "10_NumberOfInBinary\10_NumberOfInBinary.vcxproj", "{E4CD1991-B9D6-469E-A6EE-0403C7FD9104}"
EndProject
Project("{8BC9CEB8-8B4A-11D0-8D11-00A0C91BC942}") = "11_Power", "11_Power\11_Power.vcxproj", "{9A4225B0-E1E7-43C2-8ECF-C3C342E553B2}"
EndProject
Project("{8BC9CEB8-8B4A-11D0-8D11-00A0C91BC942}") = "12_Print1ToMaxOfNDigits", "12_Print1ToMaxOfNDigits\12_Print1ToMaxOfNDigits.vcxproj", "{1DB996D6-35A7-496A-994F-B6AB35B1430E}"
EndProject
Project("{8BC9CEB8-8B4A-11D0-8D11-00A0C91BC942}") = "12.1_TwoBigNumberAdd", "12.1_TwoBigNumberAdd\12.1_TwoBigNumberAdd.vcxproj", "{6AF9D5B9-87DE-4677-A48F-613205741057}"
EndProject
Project("{8BC9CEB8-8B4A-11D0-8D11-00A0C91BC942}") = "13_DeleteNodeInList", "13_DeleteNodeInList\13_DeleteNodeInList.vcxproj", "{D9B11D0B-2B7E-4C16-9A5F-1FC7AEA78790}"
EndProject
Project("{8BC9CEB8-8B4A-11D0-8D11-00A0C91BC942}") = "14_ReorderArray", "14_ReorderArray\14_ReorderArray.vcxproj", "{A55C674B-8A3F-4EC3-9BA1-B5EA62C63134}"
EndProject
Project("{8BC9CEB8-8B4A-11D0-8D11-00A0C91BC942}") = "15_KthNodeFromEnd", "15_KthNodeFromEnd\15_KthNodeFromEnd.vcxproj", "{3CCA10FE-51AE-4CA3-A8B6-E3B337E33737}"
EndProject
Project("{8BC9CEB8-8B4A-11D0-8D11-00A0C91BC942}") = "16_ReverseList", "16_ReverseList\16_ReverseList.vcxproj", "{532719CD-7605-4ADC-944A-25F2D089B906}"
EndProject
Project("{8BC9CEB8-8B4A-11D0-8D11-00A0C91BC942}") = "test", "test\test.vcxproj", "{D2F58AD5-C83F-40B1-81B6-C3484B6C2217}"
EndProject
Project("{8BC9CEB8-8B4A-11D0-8D11-00A0C91BC942}") = "17_MergeSortedList", "17_MergeSortedList\17_MergeSortedList.vcxproj", "{1E7D39EE-1947-4AC2-A948-45CA914F54FC}"
EndProject
Project("{8BC9CEB8-8B4A-11D0-8D11-00A0C91BC942}") = "18_SubstructureInTree", "18_SubstructureInTree\18_SubstructureInTree.vcxproj", "{33BC633B-607F-427C-BF83-86E461BEDB71}"
EndProject
Project("{8BC9CEB8-8B4A-11D0-8D11-00A0C91BC942}") = "19_MirrorOfBinaryTree", "19_MirrorOfBinaryTree\19_MirrorOfBinaryTree.vcxproj", "{7CFDACEB-06B3-42F4-917F-DDF647704398}"
EndProject
Project("{8BC9CEB8-8B4A-11D0-8D11-00A0C91BC942}") = "20_PrintMatrix", "20_PrintMatrix\20_PrintMatrix.vcxproj", "{D427B7C1-0C33-47B9-A61C-A07F05D27E51}"
EndProject
Project("{8BC9CEB8-8B4A-11D0-8D11-00A0C91BC942}") = "21_MinInStack", "21_MinInStack\21_MinInStack.vcxproj", "{1D1CC00F-279E-4E23-9E0B-70ADEDAB9F1A}"
EndProject
Global
	GlobalSection(SolutionConfigurationPlatforms) = preSolution
		Debug|x64 = Debug|x64
		Debug|x86 = Debug|x86
		Release|x64 = Release|x64
		Release|x86 = Release|x86
	EndGlobalSection
	GlobalSection(ProjectConfigurationPlatforms) = postSolution
		{3E7B5AC8-7A29-44A6-AA37-2D879288EF73}.Debug|x64.ActiveCfg = Debug|x64
		{3E7B5AC8-7A29-44A6-AA37-2D879288EF73}.Debug|x64.Build.0 = Debug|x64
		{3E7B5AC8-7A29-44A6-AA37-2D879288EF73}.Debug|x86.ActiveCfg = Debug|Win32
		{3E7B5AC8-7A29-44A6-AA37-2D879288EF73}.Debug|x86.Build.0 = Debug|Win32
		{3E7B5AC8-7A29-44A6-AA37-2D879288EF73}.Release|x64.ActiveCfg = Release|x64
		{3E7B5AC8-7A29-44A6-AA37-2D879288EF73}.Release|x64.Build.0 = Release|x64
		{3E7B5AC8-7A29-44A6-AA37-2D879288EF73}.Release|x86.ActiveCfg = Release|Win32
		{3E7B5AC8-7A29-44A6-AA37-2D879288EF73}.Release|x86.Build.0 = Release|Win32
		{33AB1744-B4F1-41F5-B232-D857283AEBE0}.Debug|x64.ActiveCfg = Debug|x64
		{33AB1744-B4F1-41F5-B232-D857283AEBE0}.Debug|x64.Build.0 = Debug|x64
		{33AB1744-B4F1-41F5-B232-D857283AEBE0}.Debug|x86.ActiveCfg = Debug|Win32
		{33AB1744-B4F1-41F5-B232-D857283AEBE0}.Debug|x86.Build.0 = Debug|Win32
		{33AB1744-B4F1-41F5-B232-D857283AEBE0}.Release|x64.ActiveCfg = Release|x64
		{33AB1744-B4F1-41F5-B232-D857283AEBE0}.Release|x64.Build.0 = Release|x64
		{33AB1744-B4F1-41F5-B232-D857283AEBE0}.Release|x86.ActiveCfg = Release|Win32
		{33AB1744-B4F1-41F5-B232-D857283AEBE0}.Release|x86.Build.0 = Release|Win32
		{6AF3EE01-46CA-4347-8CD6-AF0E29A4C06B}.Debug|x64.ActiveCfg = Debug|x64
		{6AF3EE01-46CA-4347-8CD6-AF0E29A4C06B}.Debug|x64.Build.0 = Debug|x64
		{6AF3EE01-46CA-4347-8CD6-AF0E29A4C06B}.Debug|x86.ActiveCfg = Debug|Win32
		{6AF3EE01-46CA-4347-8CD6-AF0E29A4C06B}.Debug|x86.Build.0 = Debug|Win32
		{6AF3EE01-46CA-4347-8CD6-AF0E29A4C06B}.Release|x64.ActiveCfg = Release|x64
		{6AF3EE01-46CA-4347-8CD6-AF0E29A4C06B}.Release|x64.Build.0 = Release|x64
		{6AF3EE01-46CA-4347-8CD6-AF0E29A4C06B}.Release|x86.ActiveCfg = Release|Win32
		{6AF3EE01-46CA-4347-8CD6-AF0E29A4C06B}.Release|x86.Build.0 = Release|Win32
		{79FF088A-5BE5-4E3D-9213-91A3865F6554}.Debug|x64.ActiveCfg = Debug|x64
		{79FF088A-5BE5-4E3D-9213-91A3865F6554}.Debug|x64.Build.0 = Debug|x64
		{79FF088A-5BE5-4E3D-9213-91A3865F6554}.Debug|x86.ActiveCfg = Debug|Win32
		{79FF088A-5BE5-4E3D-9213-91A3865F6554}.Debug|x86.Build.0 = Debug|Win32
		{79FF088A-5BE5-4E3D-9213-91A3865F6554}.Release|x64.ActiveCfg = Release|x64
		{79FF088A-5BE5-4E3D-9213-91A3865F6554}.Release|x64.Build.0 = Release|x64
		{79FF088A-5BE5-4E3D-9213-91A3865F6554}.Release|x86.ActiveCfg = Release|Win32
		{79FF088A-5BE5-4E3D-9213-91A3865F6554}.Release|x86.Build.0 = Release|Win32
		{A4610ED0-726F-4A1C-AA1F-E2BE78E58D86}.Debug|x64.ActiveCfg = Debug|x64
		{A4610ED0-726F-4A1C-AA1F-E2BE78E58D86}.Debug|x64.Build.0 = Debug|x64
		{A4610ED0-726F-4A1C-AA1F-E2BE78E58D86}.Debug|x86.ActiveCfg = Debug|Win32
		{A4610ED0-726F-4A1C-AA1F-E2BE78E58D86}.Debug|x86.Build.0 = Debug|Win32
		{A4610ED0-726F-4A1C-AA1F-E2BE78E58D86}.Release|x64.ActiveCfg = Release|x64
		{A4610ED0-726F-4A1C-AA1F-E2BE78E58D86}.Release|x64.Build.0 = Release|x64
		{A4610ED0-726F-4A1C-AA1F-E2BE78E58D86}.Release|x86.ActiveCfg = Release|Win32
		{A4610ED0-726F-4A1C-AA1F-E2BE78E58D86}.Release|x86.Build.0 = Release|Win32
		{52CBD0DA-0B49-4B0F-AF1C-FB4F0B72044C}.Debug|x64.ActiveCfg = Debug|x64
		{52CBD0DA-0B49-4B0F-AF1C-FB4F0B72044C}.Debug|x64.Build.0 = Debug|x64
		{52CBD0DA-0B49-4B0F-AF1C-FB4F0B72044C}.Debug|x86.ActiveCfg = Debug|Win32
		{52CBD0DA-0B49-4B0F-AF1C-FB4F0B72044C}.Debug|x86.Build.0 = Debug|Win32
		{52CBD0DA-0B49-4B0F-AF1C-FB4F0B72044C}.Release|x64.ActiveCfg = Release|x64
		{52CBD0DA-0B49-4B0F-AF1C-FB4F0B72044C}.Release|x64.Build.0 = Release|x64
		{52CBD0DA-0B49-4B0F-AF1C-FB4F0B72044C}.Release|x86.ActiveCfg = Release|Win32
		{52CBD0DA-0B49-4B0F-AF1C-FB4F0B72044C}.Release|x86.Build.0 = Release|Win32
		{4EEFDFDF-08CF-4632-B705-CF8FE789DB16}.Debug|x64.ActiveCfg = Debug|x64
		{4EEFDFDF-08CF-4632-B705-CF8FE789DB16}.Debug|x64.Build.0 = Debug|x64
		{4EEFDFDF-08CF-4632-B705-CF8FE789DB16}.Debug|x86.ActiveCfg = Debug|Win32
		{4EEFDFDF-08CF-4632-B705-CF8FE789DB16}.Debug|x86.Build.0 = Debug|Win32
		{4EEFDFDF-08CF-4632-B705-CF8FE789DB16}.Release|x64.ActiveCfg = Release|x64
		{4EEFDFDF-08CF-4632-B705-CF8FE789DB16}.Release|x64.Build.0 = Release|x64
		{4EEFDFDF-08CF-4632-B705-CF8FE789DB16}.Release|x86.ActiveCfg = Release|Win32
		{4EEFDFDF-08CF-4632-B705-CF8FE789DB16}.Release|x86.Build.0 = Release|Win32
		{3AA0AF68-1556-4719-A530-6B495888BD1A}.Debug|x64.ActiveCfg = Debug|x64
		{3AA0AF68-1556-4719-A530-6B495888BD1A}.Debug|x64.Build.0 = Debug|x64
		{3AA0AF68-1556-4719-A530-6B495888BD1A}.Debug|x86.ActiveCfg = Debug|Win32
		{3AA0AF68-1556-4719-A530-6B495888BD1A}.Debug|x86.Build.0 = Debug|Win32
		{3AA0AF68-1556-4719-A530-6B495888BD1A}.Release|x64.ActiveCfg = Release|x64
		{3AA0AF68-1556-4719-A530-6B495888BD1A}.Release|x64.Build.0 = Release|x64
		{3AA0AF68-1556-4719-A530-6B495888BD1A}.Release|x86.ActiveCfg = Release|Win32
		{3AA0AF68-1556-4719-A530-6B495888BD1A}.Release|x86.Build.0 = Release|Win32
		{E4CD1991-B9D6-469E-A6EE-0403C7FD9104}.Debug|x64.ActiveCfg = Debug|x64
		{E4CD1991-B9D6-469E-A6EE-0403C7FD9104}.Debug|x64.Build.0 = Debug|x64
		{E4CD1991-B9D6-469E-A6EE-0403C7FD9104}.Debug|x86.ActiveCfg = Debug|Win32
		{E4CD1991-B9D6-469E-A6EE-0403C7FD9104}.Debug|x86.Build.0 = Debug|Win32
		{E4CD1991-B9D6-469E-A6EE-0403C7FD9104}.Release|x64.ActiveCfg = Release|x64
		{E4CD1991-B9D6-469E-A6EE-0403C7FD9104}.Release|x64.Build.0 = Release|x64
		{E4CD1991-B9D6-469E-A6EE-0403C7FD9104}.Release|x86.ActiveCfg = Release|Win32
		{E4CD1991-B9D6-469E-A6EE-0403C7FD9104}.Release|x86.Build.0 = Release|Win32
		{9A4225B0-E1E7-43C2-8ECF-C3C342E553B2}.Debug|x64.ActiveCfg = Debug|x64
		{9A4225B0-E1E7-43C2-8ECF-C3C342E553B2}.Debug|x64.Build.0 = Debug|x64
		{9A4225B0-E1E7-43C2-8ECF-C3C342E553B2}.Debug|x86.ActiveCfg = Debug|Win32
		{9A4225B0-E1E7-43C2-8ECF-C3C342E553B2}.Debug|x86.Build.0 = Debug|Win32
		{9A4225B0-E1E7-43C2-8ECF-C3C342E553B2}.Release|x64.ActiveCfg = Release|x64
		{9A4225B0-E1E7-43C2-8ECF-C3C342E553B2}.Release|x64.Build.0 = Release|x64
		{9A4225B0-E1E7-43C2-8ECF-C3C342E553B2}.Release|x86.ActiveCfg = Release|Win32
		{9A4225B0-E1E7-43C2-8ECF-C3C342E553B2}.Release|x86.Build.0 = Release|Win32
		{1DB996D6-35A7-496A-994F-B6AB35B1430E}.Debug|x64.ActiveCfg = Debug|x64
		{1DB996D6-35A7-496A-994F-B6AB35B1430E}.Debug|x64.Build.0 = Debug|x64
		{1DB996D6-35A7-496A-994F-B6AB35B1430E}.Debug|x86.ActiveCfg = Debug|Win32
		{1DB996D6-35A7-496A-994F-B6AB35B1430E}.Debug|x86.Build.0 = Debug|Win32
		{1DB996D6-35A7-496A-994F-B6AB35B1430E}.Release|x64.ActiveCfg = Release|x64
		{1DB996D6-35A7-496A-994F-B6AB35B1430E}.Release|x64.Build.0 = Release|x64
		{1DB996D6-35A7-496A-994F-B6AB35B1430E}.Release|x86.ActiveCfg = Release|Win32
		{1DB996D6-35A7-496A-994F-B6AB35B1430E}.Release|x86.Build.0 = Release|Win32
		{6AF9D5B9-87DE-4677-A48F-613205741057}.Debug|x64.ActiveCfg = Debug|x64
		{6AF9D5B9-87DE-4677-A48F-613205741057}.Debug|x64.Build.0 = Debug|x64
		{6AF9D5B9-87DE-4677-A48F-613205741057}.Debug|x86.ActiveCfg = Debug|Win32
		{6AF9D5B9-87DE-4677-A48F-613205741057}.Debug|x86.Build.0 = Debug|Win32
		{6AF9D5B9-87DE-4677-A48F-613205741057}.Release|x64.ActiveCfg = Release|x64
		{6AF9D5B9-87DE-4677-A48F-613205741057}.Release|x64.Build.0 = Release|x64
		{6AF9D5B9-87DE-4677-A48F-613205741057}.Release|x86.ActiveCfg = Release|Win32
		{6AF9D5B9-87DE-4677-A48F-613205741057}.Release|x86.Build.0 = Release|Win32
		{D9B11D0B-2B7E-4C16-9A5F-1FC7AEA78790}.Debug|x64.ActiveCfg = Debug|x64
		{D9B11D0B-2B7E-4C16-9A5F-1FC7AEA78790}.Debug|x64.Build.0 = Debug|x64
		{D9B11D0B-2B7E-4C16-9A5F-1FC7AEA78790}.Debug|x86.ActiveCfg = Debug|Win32
		{D9B11D0B-2B7E-4C16-9A5F-1FC7AEA78790}.Debug|x86.Build.0 = Debug|Win32
		{D9B11D0B-2B7E-4C16-9A5F-1FC7AEA78790}.Release|x64.ActiveCfg = Release|x64
		{D9B11D0B-2B7E-4C16-9A5F-1FC7AEA78790}.Release|x64.Build.0 = Release|x64
		{D9B11D0B-2B7E-4C16-9A5F-1FC7AEA78790}.Release|x86.ActiveCfg = Release|Win32
		{D9B11D0B-2B7E-4C16-9A5F-1FC7AEA78790}.Release|x86.Build.0 = Release|Win32
		{A55C674B-8A3F-4EC3-9BA1-B5EA62C63134}.Debug|x64.ActiveCfg = Debug|x64
		{A55C674B-8A3F-4EC3-9BA1-B5EA62C63134}.Debug|x64.Build.0 = Debug|x64
		{A55C674B-8A3F-4EC3-9BA1-B5EA62C63134}.Debug|x86.ActiveCfg = Debug|Win32
		{A55C674B-8A3F-4EC3-9BA1-B5EA62C63134}.Debug|x86.Build.0 = Debug|Win32
		{A55C674B-8A3F-4EC3-9BA1-B5EA62C63134}.Release|x64.ActiveCfg = Release|x64
		{A55C674B-8A3F-4EC3-9BA1-B5EA62C63134}.Release|x64.Build.0 = Release|x64
		{A55C674B-8A3F-4EC3-9BA1-B5EA62C63134}.Release|x86.ActiveCfg = Release|Win32
		{A55C674B-8A3F-4EC3-9BA1-B5EA62C63134}.Release|x86.Build.0 = Release|Win32
		{3CCA10FE-51AE-4CA3-A8B6-E3B337E33737}.Debug|x64.ActiveCfg = Debug|x64
		{3CCA10FE-51AE-4CA3-A8B6-E3B337E33737}.Debug|x64.Build.0 = Debug|x64
		{3CCA10FE-51AE-4CA3-A8B6-E3B337E33737}.Debug|x86.ActiveCfg = Debug|Win32
		{3CCA10FE-51AE-4CA3-A8B6-E3B337E33737}.Debug|x86.Build.0 = Debug|Win32
		{3CCA10FE-51AE-4CA3-A8B6-E3B337E33737}.Release|x64.ActiveCfg = Release|x64
		{3CCA10FE-51AE-4CA3-A8B6-E3B337E33737}.Release|x64.Build.0 = Release|x64
		{3CCA10FE-51AE-4CA3-A8B6-E3B337E33737}.Release|x86.ActiveCfg = Release|Win32
		{3CCA10FE-51AE-4CA3-A8B6-E3B337E33737}.Release|x86.Build.0 = Release|Win32
		{532719CD-7605-4ADC-944A-25F2D089B906}.Debug|x64.ActiveCfg = Debug|x64
		{532719CD-7605-4ADC-944A-25F2D089B906}.Debug|x64.Build.0 = Debug|x64
		{532719CD-7605-4ADC-944A-25F2D089B906}.Debug|x86.ActiveCfg = Debug|Win32
		{532719CD-7605-4ADC-944A-25F2D089B906}.Debug|x86.Build.0 = Debug|Win32
		{532719CD-7605-4ADC-944A-25F2D089B906}.Release|x64.ActiveCfg = Release|x64
		{532719CD-7605-4ADC-944A-25F2D089B906}.Release|x64.Build.0 = Release|x64
		{532719CD-7605-4ADC-944A-25F2D089B906}.Release|x86.ActiveCfg = Release|Win32
		{532719CD-7605-4ADC-944A-25F2D089B906}.Release|x86.Build.0 = Release|Win32
		{D2F58AD5-C83F-40B1-81B6-C3484B6C2217}.Debug|x64.ActiveCfg = Debug|x64
		{D2F58AD5-C83F-40B1-81B6-C3484B6C2217}.Debug|x64.Build.0 = Debug|x64
		{D2F58AD5-C83F-40B1-81B6-C3484B6C2217}.Debug|x86.ActiveCfg = Debug|Win32
		{D2F58AD5-C83F-40B1-81B6-C3484B6C2217}.Debug|x86.Build.0 = Debug|Win32
		{D2F58AD5-C83F-40B1-81B6-C3484B6C2217}.Release|x64.ActiveCfg = Release|x64
		{D2F58AD5-C83F-40B1-81B6-C3484B6C2217}.Release|x64.Build.0 = Release|x64
		{D2F58AD5-C83F-40B1-81B6-C3484B6C2217}.Release|x86.ActiveCfg = Release|Win32
		{D2F58AD5-C83F-40B1-81B6-C3484B6C2217}.Release|x86.Build.0 = Release|Win32
		{1E7D39EE-1947-4AC2-A948-45CA914F54FC}.Debug|x64.ActiveCfg = Debug|x64
		{1E7D39EE-1947-4AC2-A948-45CA914F54FC}.Debug|x64.Build.0 = Debug|x64
		{1E7D39EE-1947-4AC2-A948-45CA914F54FC}.Debug|x86.ActiveCfg = Debug|Win32
		{1E7D39EE-1947-4AC2-A948-45CA914F54FC}.Debug|x86.Build.0 = Debug|Win32
		{1E7D39EE-1947-4AC2-A948-45CA914F54FC}.Release|x64.ActiveCfg = Release|x64
		{1E7D39EE-1947-4AC2-A948-45CA914F54FC}.Release|x64.Build.0 = Release|x64
		{1E7D39EE-1947-4AC2-A948-45CA914F54FC}.Release|x86.ActiveCfg = Release|Win32
		{1E7D39EE-1947-4AC2-A948-45CA914F54FC}.Release|x86.Build.0 = Release|Win32
		{33BC633B-607F-427C-BF83-86E461BEDB71}.Debug|x64.ActiveCfg = Debug|x64
		{33BC633B-607F-427C-BF83-86E461BEDB71}.Debug|x64.Build.0 = Debug|x64
		{33BC633B-607F-427C-BF83-86E461BEDB71}.Debug|x86.ActiveCfg = Debug|Win32
		{33BC633B-607F-427C-BF83-86E461BEDB71}.Debug|x86.Build.0 = Debug|Win32
		{33BC633B-607F-427C-BF83-86E461BEDB71}.Release|x64.ActiveCfg = Release|x64
		{33BC633B-607F-427C-BF83-86E461BEDB71}.Release|x64.Build.0 = Release|x64
		{33BC633B-607F-427C-BF83-86E461BEDB71}.Release|x86.ActiveCfg = Release|Win32
		{33BC633B-607F-427C-BF83-86E461BEDB71}.Release|x86.Build.0 = Release|Win32
		{7CFDACEB-06B3-42F4-917F-DDF647704398}.Debug|x64.ActiveCfg = Debug|x64
		{7CFDACEB-06B3-42F4-917F-DDF647704398}.Debug|x64.Build.0 = Debug|x64
		{7CFDACEB-06B3-42F4-917F-DDF647704398}.Debug|x86.ActiveCfg = Debug|Win32
		{7CFDACEB-06B3-42F4-917F-DDF647704398}.Debug|x86.Build.0 = Debug|Win32
		{7CFDACEB-06B3-42F4-917F-DDF647704398}.Release|x64.ActiveCfg = Release|x64
		{7CFDACEB-06B3-42F4-917F-DDF647704398}.Release|x64.Build.0 = Release|x64
		{7CFDACEB-06B3-42F4-917F-DDF647704398}.Release|x86.ActiveCfg = Release|Win32
		{7CFDACEB-06B3-42F4-917F-DDF647704398}.Release|x86.Build.0 = Release|Win32
		{D427B7C1-0C33-47B9-A61C-A07F05D27E51}.Debug|x64.ActiveCfg = Debug|x64
		{D427B7C1-0C33-47B9-A61C-A07F05D27E51}.Debug|x64.Build.0 = Debug|x64
		{D427B7C1-0C33-47B9-A61C-A07F05D27E51}.Debug|x86.ActiveCfg = Debug|Win32
		{D427B7C1-0C33-47B9-A61C-A07F05D27E51}.Debug|x86.Build.0 = Debug|Win32
		{D427B7C1-0C33-47B9-A61C-A07F05D27E51}.Release|x64.ActiveCfg = Release|x64
		{D427B7C1-0C33-47B9-A61C-A07F05D27E51}.Release|x64.Build.0 = Release|x64
		{D427B7C1-0C33-47B9-A61C-A07F05D27E51}.Release|x86.ActiveCfg = Release|Win32
		{D427B7C1-0C33-47B9-A61C-A07F05D27E51}.Release|x86.Build.0 = Release|Win32
		{1D1CC00F-279E-4E23-9E0B-70ADEDAB9F1A}.Debug|x64.ActiveCfg = Debug|x64
		{1D1CC00F-279E-4E23-9E0B-70ADEDAB9F1A}.Debug|x64.Build.0 = Debug|x64
		{1D1CC00F-279E-4E23-9E0B-70ADEDAB9F1A}.Debug|x86.ActiveCfg = Debug|Win32
		{1D1CC00F-279E-4E23-9E0B-70ADEDAB9F1A}.Debug|x86.Build.0 = Debug|Win32
		{1D1CC00F-279E-4E23-9E0B-70ADEDAB9F1A}.Release|x64.ActiveCfg = Release|x64
		{1D1CC00F-279E-4E23-9E0B-70ADEDAB9F1A}.Release|x64.Build.0 = Release|x64
		{1D1CC00F-279E-4E23-9E0B-70ADEDAB9F1A}.Release|x86.ActiveCfg = Release|Win32
		{1D1CC00F-279E-4E23-9E0B-70ADEDAB9F1A}.Release|x86.Build.0 = Release|Win32
	EndGlobalSection
	GlobalSection(SolutionProperties) = preSolution
		HideSolutionNode = FALSE
	EndGlobalSection
EndGlobal
